
Microsoft Visual Studio Solution File, Format Version 12.00
# Visual Studio Express 2013 for Windows Desktop
VisualStudioVersion = 12.0.30501.0
MinimumVisualStudioVersion = 10.0.40219.1
Project("{FAE04EC0-301F-11D3-BF4B-00C04F79EFBC}") = "NetherTear.MonoGame", "NetherTear\NetherTear.MonoGame.csproj", "{DB23F0FB-B136-4479-91A8-24DB86F6460F}"
EndProject
Project("{FAE04EC0-301F-11D3-BF4B-00C04F79EFBC}") = "NetherTear.Framework", "NetherTear.Engine\NetherTear.Framework.csproj", "{A2F55612-49F1-4689-9AD7-BC6DA9BC2C7A}"
EndProject
Project("{FAE04EC0-301F-11D3-BF4B-00C04F79EFBC}") = "NetherTear.MonoGame.Content", "NetherTear.MonoGame.Content\NetherTear.MonoGame.Content\NetherTear.MonoGame.Content.csproj", "{9BA09288-3F51-4291-9553-F0122FD401E3}"
EndProject
Project("{FAE04EC0-301F-11D3-BF4B-00C04F79EFBC}") = "NetherTear.MonoGame.ContentContent", "NetherTear.MonoGame.Content\NetherTear.MonoGame.ContentContent\NetherTear.MonoGame.ContentContent.contentproj", "{D9D31771-8D30-4407-8D20-32B5E38C7AAF}"
EndProject
Project("{FAE04EC0-301F-11D3-BF4B-00C04F79EFBC}") = "NetherTear.Resources", "NetherTear.Resources\NetherTear.Resources.csproj", "{C9B67CA6-DD5F-42A3-8EEC-8066EDE2C392}"
EndProject
Global
	GlobalSection(SolutionConfigurationPlatforms) = preSolution
		Android|Any CPU = Android|Any CPU
		Android|Mixed Platforms = Android|Mixed Platforms
		Android|x86 = Android|x86
		Debug|Any CPU = Debug|Any CPU
		Debug|Mixed Platforms = Debug|Mixed Platforms
		Debug|x86 = Debug|x86
		iOS|Any CPU = iOS|Any CPU
		iOS|Mixed Platforms = iOS|Mixed Platforms
		iOS|x86 = iOS|x86
		Linux|Any CPU = Linux|Any CPU
		Linux|Mixed Platforms = Linux|Mixed Platforms
		Linux|x86 = Linux|x86
		OSX|Any CPU = OSX|Any CPU
		OSX|Mixed Platforms = OSX|Mixed Platforms
		OSX|x86 = OSX|x86
		PSM|Any CPU = PSM|Any CPU
		PSM|Mixed Platforms = PSM|Mixed Platforms
		PSM|x86 = PSM|x86
		Release|Any CPU = Release|Any CPU
		Release|Mixed Platforms = Release|Mixed Platforms
		Release|x86 = Release|x86
		Windows|Any CPU = Windows|Any CPU
		Windows|Mixed Platforms = Windows|Mixed Platforms
		Windows|x86 = Windows|x86
		Windows8|Any CPU = Windows8|Any CPU
		Windows8|Mixed Platforms = Windows8|Mixed Platforms
		Windows8|x86 = Windows8|x86
	EndGlobalSection
	GlobalSection(ProjectConfigurationPlatforms) = postSolution
		{DB23F0FB-B136-4479-91A8-24DB86F6460F}.Android|Any CPU.ActiveCfg = Release|x86
		{DB23F0FB-B136-4479-91A8-24DB86F6460F}.Android|Mixed Platforms.ActiveCfg = Release|x86
		{DB23F0FB-B136-4479-91A8-24DB86F6460F}.Android|Mixed Platforms.Build.0 = Release|x86
		{DB23F0FB-B136-4479-91A8-24DB86F6460F}.Android|x86.ActiveCfg = Release|x86
		{DB23F0FB-B136-4479-91A8-24DB86F6460F}.Android|x86.Build.0 = Release|x86
		{DB23F0FB-B136-4479-91A8-24DB86F6460F}.Debug|Any CPU.ActiveCfg = Debug|x86
		{DB23F0FB-B136-4479-91A8-24DB86F6460F}.Debug|Mixed Platforms.ActiveCfg = Debug|x86
		{DB23F0FB-B136-4479-91A8-24DB86F6460F}.Debug|Mixed Platforms.Build.0 = Debug|x86
		{DB23F0FB-B136-4479-91A8-24DB86F6460F}.Debug|x86.ActiveCfg = Debug|x86
		{DB23F0FB-B136-4479-91A8-24DB86F6460F}.Debug|x86.Build.0 = Debug|x86
		{DB23F0FB-B136-4479-91A8-24DB86F6460F}.iOS|Any CPU.ActiveCfg = Release|x86
		{DB23F0FB-B136-4479-91A8-24DB86F6460F}.iOS|Mixed Platforms.ActiveCfg = Release|x86
		{DB23F0FB-B136-4479-91A8-24DB86F6460F}.iOS|Mixed Platforms.Build.0 = Release|x86
		{DB23F0FB-B136-4479-91A8-24DB86F6460F}.iOS|x86.ActiveCfg = Release|x86
		{DB23F0FB-B136-4479-91A8-24DB86F6460F}.iOS|x86.Build.0 = Release|x86
		{DB23F0FB-B136-4479-91A8-24DB86F6460F}.Linux|Any CPU.ActiveCfg = Release|x86
		{DB23F0FB-B136-4479-91A8-24DB86F6460F}.Linux|Mixed Platforms.ActiveCfg = Release|x86
		{DB23F0FB-B136-4479-91A8-24DB86F6460F}.Linux|Mixed Platforms.Build.0 = Release|x86
		{DB23F0FB-B136-4479-91A8-24DB86F6460F}.Linux|x86.ActiveCfg = Release|x86
		{DB23F0FB-B136-4479-91A8-24DB86F6460F}.Linux|x86.Build.0 = Release|x86
		{DB23F0FB-B136-4479-91A8-24DB86F6460F}.OSX|Any CPU.ActiveCfg = Release|x86
		{DB23F0FB-B136-4479-91A8-24DB86F6460F}.OSX|Mixed Platforms.ActiveCfg = Release|x86
		{DB23F0FB-B136-4479-91A8-24DB86F6460F}.OSX|Mixed Platforms.Build.0 = Release|x86
		{DB23F0FB-B136-4479-91A8-24DB86F6460F}.OSX|x86.ActiveCfg = Release|x86
		{DB23F0FB-B136-4479-91A8-24DB86F6460F}.OSX|x86.Build.0 = Release|x86
		{DB23F0FB-B136-4479-91A8-24DB86F6460F}.PSM|Any CPU.ActiveCfg = Release|x86
		{DB23F0FB-B136-4479-91A8-24DB86F6460F}.PSM|Mixed Platforms.ActiveCfg = Release|x86
		{DB23F0FB-B136-4479-91A8-24DB86F6460F}.PSM|Mixed Platforms.Build.0 = Release|x86
		{DB23F0FB-B136-4479-91A8-24DB86F6460F}.PSM|x86.ActiveCfg = Release|x86
		{DB23F0FB-B136-4479-91A8-24DB86F6460F}.PSM|x86.Build.0 = Release|x86
		{DB23F0FB-B136-4479-91A8-24DB86F6460F}.Release|Any CPU.ActiveCfg = Release|x86
		{DB23F0FB-B136-4479-91A8-24DB86F6460F}.Release|Mixed Platforms.ActiveCfg = Release|x86
		{DB23F0FB-B136-4479-91A8-24DB86F6460F}.Release|Mixed Platforms.Build.0 = Release|x86
		{DB23F0FB-B136-4479-91A8-24DB86F6460F}.Release|x86.ActiveCfg = Release|x86
		{DB23F0FB-B136-4479-91A8-24DB86F6460F}.Release|x86.Build.0 = Release|x86
		{DB23F0FB-B136-4479-91A8-24DB86F6460F}.Windows|Any CPU.ActiveCfg = Release|x86
		{DB23F0FB-B136-4479-91A8-24DB86F6460F}.Windows|Mixed Platforms.ActiveCfg = Release|x86
		{DB23F0FB-B136-4479-91A8-24DB86F6460F}.Windows|Mixed Platforms.Build.0 = Release|x86
		{DB23F0FB-B136-4479-91A8-24DB86F6460F}.Windows|x86.ActiveCfg = Release|x86
		{DB23F0FB-B136-4479-91A8-24DB86F6460F}.Windows|x86.Build.0 = Release|x86
		{DB23F0FB-B136-4479-91A8-24DB86F6460F}.Windows8|Any CPU.ActiveCfg = Release|x86
		{DB23F0FB-B136-4479-91A8-24DB86F6460F}.Windows8|Mixed Platforms.ActiveCfg = Release|x86
		{DB23F0FB-B136-4479-91A8-24DB86F6460F}.Windows8|Mixed Platforms.Build.0 = Release|x86
		{DB23F0FB-B136-4479-91A8-24DB86F6460F}.Windows8|x86.ActiveCfg = Release|x86
		{DB23F0FB-B136-4479-91A8-24DB86F6460F}.Windows8|x86.Build.0 = Release|x86
		{A2F55612-49F1-4689-9AD7-BC6DA9BC2C7A}.Android|Any CPU.ActiveCfg = Release|Any CPU
		{A2F55612-49F1-4689-9AD7-BC6DA9BC2C7A}.Android|Any CPU.Build.0 = Release|Any CPU
		{A2F55612-49F1-4689-9AD7-BC6DA9BC2C7A}.Android|Mixed Platforms.ActiveCfg = Release|Any CPU
		{A2F55612-49F1-4689-9AD7-BC6DA9BC2C7A}.Android|Mixed Platforms.Build.0 = Release|Any CPU
		{A2F55612-49F1-4689-9AD7-BC6DA9BC2C7A}.Android|x86.ActiveCfg = Release|Any CPU
		{A2F55612-49F1-4689-9AD7-BC6DA9BC2C7A}.Debug|Any CPU.ActiveCfg = Debug|Any CPU
		{A2F55612-49F1-4689-9AD7-BC6DA9BC2C7A}.Debug|Any CPU.Build.0 = Debug|Any CPU
		{A2F55612-49F1-4689-9AD7-BC6DA9BC2C7A}.Debug|Mixed Platforms.ActiveCfg = Debug|Any CPU
		{A2F55612-49F1-4689-9AD7-BC6DA9BC2C7A}.Debug|Mixed Platforms.Build.0 = Debug|Any CPU
		{A2F55612-49F1-4689-9AD7-BC6DA9BC2C7A}.Debug|x86.ActiveCfg = Debug|Any CPU
		{A2F55612-49F1-4689-9AD7-BC6DA9BC2C7A}.iOS|Any CPU.ActiveCfg = Release|Any CPU
		{A2F55612-49F1-4689-9AD7-BC6DA9BC2C7A}.iOS|Any CPU.Build.0 = Release|Any CPU
		{A2F55612-49F1-4689-9AD7-BC6DA9BC2C7A}.iOS|Mixed Platforms.ActiveCfg = Release|Any CPU
		{A2F55612-49F1-4689-9AD7-BC6DA9BC2C7A}.iOS|Mixed Platforms.Build.0 = Release|Any CPU
		{A2F55612-49F1-4689-9AD7-BC6DA9BC2C7A}.iOS|x86.ActiveCfg = Release|Any CPU
		{A2F55612-49F1-4689-9AD7-BC6DA9BC2C7A}.Linux|Any CPU.ActiveCfg = Release|Any CPU
		{A2F55612-49F1-4689-9AD7-BC6DA9BC2C7A}.Linux|Any CPU.Build.0 = Release|Any CPU
		{A2F55612-49F1-4689-9AD7-BC6DA9BC2C7A}.Linux|Mixed Platforms.ActiveCfg = Release|Any CPU
		{A2F55612-49F1-4689-9AD7-BC6DA9BC2C7A}.Linux|Mixed Platforms.Build.0 = Release|Any CPU
		{A2F55612-49F1-4689-9AD7-BC6DA9BC2C7A}.Linux|x86.ActiveCfg = Release|Any CPU
		{A2F55612-49F1-4689-9AD7-BC6DA9BC2C7A}.OSX|Any CPU.ActiveCfg = Release|Any CPU
		{A2F55612-49F1-4689-9AD7-BC6DA9BC2C7A}.OSX|Any CPU.Build.0 = Release|Any CPU
		{A2F55612-49F1-4689-9AD7-BC6DA9BC2C7A}.OSX|Mixed Platforms.ActiveCfg = Release|Any CPU
		{A2F55612-49F1-4689-9AD7-BC6DA9BC2C7A}.OSX|Mixed Platforms.Build.0 = Release|Any CPU
		{A2F55612-49F1-4689-9AD7-BC6DA9BC2C7A}.OSX|x86.ActiveCfg = Release|Any CPU
		{A2F55612-49F1-4689-9AD7-BC6DA9BC2C7A}.PSM|Any CPU.ActiveCfg = Release|Any CPU
		{A2F55612-49F1-4689-9AD7-BC6DA9BC2C7A}.PSM|Any CPU.Build.0 = Release|Any CPU
		{A2F55612-49F1-4689-9AD7-BC6DA9BC2C7A}.PSM|Mixed Platforms.ActiveCfg = Release|Any CPU
		{A2F55612-49F1-4689-9AD7-BC6DA9BC2C7A}.PSM|Mixed Platforms.Build.0 = Release|Any CPU
		{A2F55612-49F1-4689-9AD7-BC6DA9BC2C7A}.PSM|x86.ActiveCfg = Release|Any CPU
		{A2F55612-49F1-4689-9AD7-BC6DA9BC2C7A}.Release|Any CPU.ActiveCfg = Release|Any CPU
		{A2F55612-49F1-4689-9AD7-BC6DA9BC2C7A}.Release|Any CPU.Build.0 = Release|Any CPU
		{A2F55612-49F1-4689-9AD7-BC6DA9BC2C7A}.Release|Mixed Platforms.ActiveCfg = Release|Any CPU
		{A2F55612-49F1-4689-9AD7-BC6DA9BC2C7A}.Release|Mixed Platforms.Build.0 = Release|Any CPU
		{A2F55612-49F1-4689-9AD7-BC6DA9BC2C7A}.Release|x86.ActiveCfg = Release|Any CPU
		{A2F55612-49F1-4689-9AD7-BC6DA9BC2C7A}.Windows|Any CPU.ActiveCfg = Release|Any CPU
		{A2F55612-49F1-4689-9AD7-BC6DA9BC2C7A}.Windows|Any CPU.Build.0 = Release|Any CPU
		{A2F55612-49F1-4689-9AD7-BC6DA9BC2C7A}.Windows|Mixed Platforms.ActiveCfg = Release|Any CPU
		{A2F55612-49F1-4689-9AD7-BC6DA9BC2C7A}.Windows|Mixed Platforms.Build.0 = Release|Any CPU
		{A2F55612-49F1-4689-9AD7-BC6DA9BC2C7A}.Windows|x86.ActiveCfg = Release|Any CPU
		{A2F55612-49F1-4689-9AD7-BC6DA9BC2C7A}.Windows8|Any CPU.ActiveCfg = Release|Any CPU
		{A2F55612-49F1-4689-9AD7-BC6DA9BC2C7A}.Windows8|Any CPU.Build.0 = Release|Any CPU
		{A2F55612-49F1-4689-9AD7-BC6DA9BC2C7A}.Windows8|Mixed Platforms.ActiveCfg = Release|Any CPU
		{A2F55612-49F1-4689-9AD7-BC6DA9BC2C7A}.Windows8|Mixed Platforms.Build.0 = Release|Any CPU
		{A2F55612-49F1-4689-9AD7-BC6DA9BC2C7A}.Windows8|x86.ActiveCfg = Release|Any CPU
		{9BA09288-3F51-4291-9553-F0122FD401E3}.Android|Any CPU.ActiveCfg = Android|Any CPU
		{9BA09288-3F51-4291-9553-F0122FD401E3}.Android|Any CPU.Build.0 = Android|Any CPU
		{9BA09288-3F51-4291-9553-F0122FD401E3}.Android|Mixed Platforms.ActiveCfg = Android|Any CPU
		{9BA09288-3F51-4291-9553-F0122FD401E3}.Android|Mixed Platforms.Build.0 = Android|Any CPU
		{9BA09288-3F51-4291-9553-F0122FD401E3}.Android|x86.ActiveCfg = Android|Any CPU
		{9BA09288-3F51-4291-9553-F0122FD401E3}.Debug|Any CPU.ActiveCfg = PSM|Any CPU
		{9BA09288-3F51-4291-9553-F0122FD401E3}.Debug|Any CPU.Build.0 = PSM|Any CPU
		{9BA09288-3F51-4291-9553-F0122FD401E3}.Debug|Mixed Platforms.ActiveCfg = PSM|Any CPU
		{9BA09288-3F51-4291-9553-F0122FD401E3}.Debug|Mixed Platforms.Build.0 = PSM|Any CPU
		{9BA09288-3F51-4291-9553-F0122FD401E3}.Debug|x86.ActiveCfg = PSM|Any CPU
		{9BA09288-3F51-4291-9553-F0122FD401E3}.iOS|Any CPU.ActiveCfg = iOS|Any CPU
		{9BA09288-3F51-4291-9553-F0122FD401E3}.iOS|Any CPU.Build.0 = iOS|Any CPU
		{9BA09288-3F51-4291-9553-F0122FD401E3}.iOS|Mixed Platforms.ActiveCfg = iOS|Any CPU
		{9BA09288-3F51-4291-9553-F0122FD401E3}.iOS|Mixed Platforms.Build.0 = iOS|Any CPU
		{9BA09288-3F51-4291-9553-F0122FD401E3}.iOS|x86.ActiveCfg = iOS|Any CPU
		{9BA09288-3F51-4291-9553-F0122FD401E3}.Linux|Any CPU.ActiveCfg = Linux|Any CPU
		{9BA09288-3F51-4291-9553-F0122FD401E3}.Linux|Any CPU.Build.0 = Linux|Any CPU
		{9BA09288-3F51-4291-9553-F0122FD401E3}.Linux|Mixed Platforms.ActiveCfg = Linux|Any CPU
		{9BA09288-3F51-4291-9553-F0122FD401E3}.Linux|Mixed Platforms.Build.0 = Linux|Any CPU
		{9BA09288-3F51-4291-9553-F0122FD401E3}.Linux|x86.ActiveCfg = Linux|Any CPU
		{9BA09288-3F51-4291-9553-F0122FD401E3}.OSX|Any CPU.ActiveCfg = OSX|Any CPU
		{9BA09288-3F51-4291-9553-F0122FD401E3}.OSX|Any CPU.Build.0 = OSX|Any CPU
		{9BA09288-3F51-4291-9553-F0122FD401E3}.OSX|Mixed Platforms.ActiveCfg = OSX|Any CPU
		{9BA09288-3F51-4291-9553-F0122FD401E3}.OSX|Mixed Platforms.Build.0 = OSX|Any CPU
		{9BA09288-3F51-4291-9553-F0122FD401E3}.OSX|x86.ActiveCfg = OSX|Any CPU
		{9BA09288-3F51-4291-9553-F0122FD401E3}.PSM|Any CPU.ActiveCfg = PSM|Any CPU
		{9BA09288-3F51-4291-9553-F0122FD401E3}.PSM|Any CPU.Build.0 = PSM|Any CPU
		{9BA09288-3F51-4291-9553-F0122FD401E3}.PSM|Mixed Platforms.ActiveCfg = PSM|Any CPU
		{9BA09288-3F51-4291-9553-F0122FD401E3}.PSM|Mixed Platforms.Build.0 = PSM|Any CPU
		{9BA09288-3F51-4291-9553-F0122FD401E3}.PSM|x86.ActiveCfg = PSM|Any CPU
		{9BA09288-3F51-4291-9553-F0122FD401E3}.Release|Any CPU.ActiveCfg = PSM|Any CPU
		{9BA09288-3F51-4291-9553-F0122FD401E3}.Release|Any CPU.Build.0 = PSM|Any CPU
		{9BA09288-3F51-4291-9553-F0122FD401E3}.Release|Mixed Platforms.ActiveCfg = PSM|Any CPU
		{9BA09288-3F51-4291-9553-F0122FD401E3}.Release|Mixed Platforms.Build.0 = PSM|Any CPU
		{9BA09288-3F51-4291-9553-F0122FD401E3}.Release|x86.ActiveCfg = PSM|Any CPU
		{9BA09288-3F51-4291-9553-F0122FD401E3}.Windows|Any CPU.ActiveCfg = Windows|Any CPU
		{9BA09288-3F51-4291-9553-F0122FD401E3}.Windows|Any CPU.Build.0 = Windows|Any CPU
		{9BA09288-3F51-4291-9553-F0122FD401E3}.Windows|Mixed Platforms.ActiveCfg = Windows|Any CPU
		{9BA09288-3F51-4291-9553-F0122FD401E3}.Windows|Mixed Platforms.Build.0 = Windows|Any CPU
		{9BA09288-3F51-4291-9553-F0122FD401E3}.Windows|x86.ActiveCfg = Windows|Any CPU
		{9BA09288-3F51-4291-9553-F0122FD401E3}.Windows8|Any CPU.ActiveCfg = Windows8|Any CPU
		{9BA09288-3F51-4291-9553-F0122FD401E3}.Windows8|Any CPU.Build.0 = Windows8|Any CPU
		{9BA09288-3F51-4291-9553-F0122FD401E3}.Windows8|Mixed Platforms.ActiveCfg = Windows8|Any CPU
		{9BA09288-3F51-4291-9553-F0122FD401E3}.Windows8|Mixed Platforms.Build.0 = Windows8|Any CPU
		{9BA09288-3F51-4291-9553-F0122FD401E3}.Windows8|x86.ActiveCfg = Windows8|Any CPU
		{D9D31771-8D30-4407-8D20-32B5E38C7AAF}.Android|Any CPU.ActiveCfg = Android|Any CPU
		{D9D31771-8D30-4407-8D20-32B5E38C7AAF}.Android|Mixed Platforms.ActiveCfg = Android|Any CPU
		{D9D31771-8D30-4407-8D20-32B5E38C7AAF}.Android|x86.ActiveCfg = Android|Any CPU
		{D9D31771-8D30-4407-8D20-32B5E38C7AAF}.Debug|Any CPU.ActiveCfg = PSM|Any CPU
		{D9D31771-8D30-4407-8D20-32B5E38C7AAF}.Debug|Mixed Platforms.ActiveCfg = PSM|Any CPU
		{D9D31771-8D30-4407-8D20-32B5E38C7AAF}.Debug|x86.ActiveCfg = PSM|Any CPU
		{D9D31771-8D30-4407-8D20-32B5E38C7AAF}.iOS|Any CPU.ActiveCfg = iOS|Any CPU
		{D9D31771-8D30-4407-8D20-32B5E38C7AAF}.iOS|Mixed Platforms.ActiveCfg = iOS|Any CPU
		{D9D31771-8D30-4407-8D20-32B5E38C7AAF}.iOS|x86.ActiveCfg = iOS|Any CPU
		{D9D31771-8D30-4407-8D20-32B5E38C7AAF}.Linux|Any CPU.ActiveCfg = Linux|Any CPU
		{D9D31771-8D30-4407-8D20-32B5E38C7AAF}.Linux|Mixed Platforms.ActiveCfg = Linux|Any CPU
		{D9D31771-8D30-4407-8D20-32B5E38C7AAF}.Linux|x86.ActiveCfg = Linux|Any CPU
		{D9D31771-8D30-4407-8D20-32B5E38C7AAF}.OSX|Any CPU.ActiveCfg = OSX|Any CPU
		{D9D31771-8D30-4407-8D20-32B5E38C7AAF}.OSX|Mixed Platforms.ActiveCfg = OSX|Any CPU
		{D9D31771-8D30-4407-8D20-32B5E38C7AAF}.OSX|x86.ActiveCfg = OSX|Any CPU
		{D9D31771-8D30-4407-8D20-32B5E38C7AAF}.PSM|Any CPU.ActiveCfg = PSM|Any CPU
		{D9D31771-8D30-4407-8D20-32B5E38C7AAF}.PSM|Mixed Platforms.ActiveCfg = PSM|Any CPU
		{D9D31771-8D30-4407-8D20-32B5E38C7AAF}.PSM|x86.ActiveCfg = PSM|Any CPU
		{D9D31771-8D30-4407-8D20-32B5E38C7AAF}.Release|Any CPU.ActiveCfg = PSM|Any CPU
		{D9D31771-8D30-4407-8D20-32B5E38C7AAF}.Release|Mixed Platforms.ActiveCfg = PSM|Any CPU
		{D9D31771-8D30-4407-8D20-32B5E38C7AAF}.Release|x86.ActiveCfg = PSM|Any CPU
		{D9D31771-8D30-4407-8D20-32B5E38C7AAF}.Windows|Any CPU.ActiveCfg = Windows|Any CPU
		{D9D31771-8D30-4407-8D20-32B5E38C7AAF}.Windows|Mixed Platforms.ActiveCfg = Windows|Any CPU
		{D9D31771-8D30-4407-8D20-32B5E38C7AAF}.Windows|x86.ActiveCfg = Windows|Any CPU
		{D9D31771-8D30-4407-8D20-32B5E38C7AAF}.Windows8|Any CPU.ActiveCfg = Windows8|Any CPU
		{D9D31771-8D30-4407-8D20-32B5E38C7AAF}.Windows8|Mixed Platforms.ActiveCfg = Windows8|Any CPU
		{D9D31771-8D30-4407-8D20-32B5E38C7AAF}.Windows8|x86.ActiveCfg = Windows8|Any CPU
		{C9B67CA6-DD5F-42A3-8EEC-8066EDE2C392}.Android|Any CPU.ActiveCfg = Release|Any CPU
		{C9B67CA6-DD5F-42A3-8EEC-8066EDE2C392}.Android|Any CPU.Build.0 = Release|Any CPU
		{C9B67CA6-DD5F-42A3-8EEC-8066EDE2C392}.Android|Mixed Platforms.ActiveCfg = Release|Any CPU
		{C9B67CA6-DD5F-42A3-8EEC-8066EDE2C392}.Android|Mixed Platforms.Build.0 = Release|Any CPU
		{C9B67CA6-DD5F-42A3-8EEC-8066EDE2C392}.Android|x86.ActiveCfg = Release|Any CPU
		{C9B67CA6-DD5F-42A3-8EEC-8066EDE2C392}.Debug|Any CPU.ActiveCfg = Debug|Any CPU
		{C9B67CA6-DD5F-42A3-8EEC-8066EDE2C392}.Debug|Any CPU.Build.0 = Debug|Any CPU
		{C9B67CA6-DD5F-42A3-8EEC-8066EDE2C392}.Debug|Mixed Platforms.ActiveCfg = Debug|Any CPU
		{C9B67CA6-DD5F-42A3-8EEC-8066EDE2C392}.Debug|Mixed Platforms.Build.0 = Debug|Any CPU
		{C9B67CA6-DD5F-42A3-8EEC-8066EDE2C392}.Debug|x86.ActiveCfg = Debug|Any CPU
		{C9B67CA6-DD5F-42A3-8EEC-8066EDE2C392}.iOS|Any CPU.ActiveCfg = Release|Any CPU
		{C9B67CA6-DD5F-42A3-8EEC-8066EDE2C392}.iOS|Any CPU.Build.0 = Release|Any CPU
		{C9B67CA6-DD5F-42A3-8EEC-8066EDE2C392}.iOS|Mixed Platforms.ActiveCfg = Release|Any CPU
		{C9B67CA6-DD5F-42A3-8EEC-8066EDE2C392}.iOS|Mixed Platforms.Build.0 = Release|Any CPU
		{C9B67CA6-DD5F-42A3-8EEC-8066EDE2C392}.iOS|x86.ActiveCfg = Release|Any CPU
		{C9B67CA6-DD5F-42A3-8EEC-8066EDE2C392}.Linux|Any CPU.ActiveCfg = Release|Any CPU
		{C9B67CA6-DD5F-42A3-8EEC-8066EDE2C392}.Linux|Any CPU.Build.0 = Release|Any CPU
		{C9B67CA6-DD5F-42A3-8EEC-8066EDE2C392}.Linux|Mixed Platforms.ActiveCfg = Release|Any CPU
		{C9B67CA6-DD5F-42A3-8EEC-8066EDE2C392}.Linux|Mixed Platforms.Build.0 = Release|Any CPU
		{C9B67CA6-DD5F-42A3-8EEC-8066EDE2C392}.Linux|x86.ActiveCfg = Release|Any CPU
		{C9B67CA6-DD5F-42A3-8EEC-8066EDE2C392}.OSX|Any CPU.ActiveCfg = Release|Any CPU
		{C9B67CA6-DD5F-42A3-8EEC-8066EDE2C392}.OSX|Any CPU.Build.0 = Release|Any CPU
		{C9B67CA6-DD5F-42A3-8EEC-8066EDE2C392}.OSX|Mixed Platforms.ActiveCfg = Release|Any CPU
		{C9B67CA6-DD5F-42A3-8EEC-8066EDE2C392}.OSX|Mixed Platforms.Build.0 = Release|Any CPU
		{C9B67CA6-DD5F-42A3-8EEC-8066EDE2C392}.OSX|x86.ActiveCfg = Release|Any CPU
		{C9B67CA6-DD5F-42A3-8EEC-8066EDE2C392}.PSM|Any CPU.ActiveCfg = Release|Any CPU
		{C9B67CA6-DD5F-42A3-8EEC-8066EDE2C392}.PSM|Any CPU.Build.0 = Release|Any CPU
		{C9B67CA6-DD5F-42A3-8EEC-8066EDE2C392}.PSM|Mixed Platforms.ActiveCfg = Release|Any CPU
		{C9B67CA6-DD5F-42A3-8EEC-8066EDE2C392}.PSM|Mixed Platforms.Build.0 = Release|Any CPU
		{C9B67CA6-DD5F-42A3-8EEC-8066EDE2C392}.PSM|x86.ActiveCfg = Release|Any CPU
		{C9B67CA6-DD5F-42A3-8EEC-8066EDE2C392}.Release|Any CPU.ActiveCfg = Release|Any CPU
		{C9B67CA6-DD5F-42A3-8EEC-8066EDE2C392}.Release|Any CPU.Build.0 = Release|Any CPU
		{C9B67CA6-DD5F-42A3-8EEC-8066EDE2C392}.Release|Mixed Platforms.ActiveCfg = Release|Any CPU
		{C9B67CA6-DD5F-42A3-8EEC-8066EDE2C392}.Release|Mixed Platforms.Build.0 = Release|Any CPU
		{C9B67CA6-DD5F-42A3-8EEC-8066EDE2C392}.Release|x86.ActiveCfg = Release|Any CPU
		{C9B67CA6-DD5F-42A3-8EEC-8066EDE2C392}.Windows|Any CPU.ActiveCfg = Release|Any CPU
		{C9B67CA6-DD5F-42A3-8EEC-8066EDE2C392}.Windows|Any CPU.Build.0 = Release|Any CPU
		{C9B67CA6-DD5F-42A3-8EEC-8066EDE2C392}.Windows|Mixed Platforms.ActiveCfg = Release|Any CPU
		{C9B67CA6-DD5F-42A3-8EEC-8066EDE2C392}.Windows|Mixed Platforms.Build.0 = Release|Any CPU
		{C9B67CA6-DD5F-42A3-8EEC-8066EDE2C392}.Windows|x86.ActiveCfg = Release|Any CPU
		{C9B67CA6-DD5F-42A3-8EEC-8066EDE2C392}.Windows8|Any CPU.ActiveCfg = Release|Any CPU
		{C9B67CA6-DD5F-42A3-8EEC-8066EDE2C392}.Windows8|Any CPU.Build.0 = Release|Any CPU
		{C9B67CA6-DD5F-42A3-8EEC-8066EDE2C392}.Windows8|Mixed Platforms.ActiveCfg = Release|Any CPU
		{C9B67CA6-DD5F-42A3-8EEC-8066EDE2C392}.Windows8|Mixed Platforms.Build.0 = Release|Any CPU
		{C9B67CA6-DD5F-42A3-8EEC-8066EDE2C392}.Windows8|x86.ActiveCfg = Release|Any CPU
	EndGlobalSection
	GlobalSection(SolutionProperties) = preSolution
		HideSolutionNode = FALSE
	EndGlobalSection
EndGlobal
